
Microsoft Visual Studio Solution File, Format Version 12.00
# Visual Studio Version 16
VisualStudioVersion = 16.0.30413.136
MinimumVisualStudioVersion = 10.0.40219.1
Project("{FAE04EC0-301F-11D3-BF4B-00C04F79EFBC}") = "FuncC", "FuncC\FuncC.csproj", "{52B5EA44-4CA0-447B-8EEE-0D3CD930403B}"
EndProject
Global
	GlobalSection(SolutionConfigurationPlatforms) = preSolution
		Debug|Any CPU = Debug|Any CPU
		Release|Any CPU = Release|Any CPU
	EndGlobalSection
	GlobalSection(ProjectConfigurationPlatforms) = postSolution
		{52B5EA44-4CA0-447B-8EEE-0D3CD930403B}.Debug|Any CPU.ActiveCfg = Debug|Any CPU
		{52B5EA44-4CA0-447B-8EEE-0D3CD930403B}.Debug|Any CPU.Build.0 = Debug|Any CPU
		{52B5EA44-4CA0-447B-8EEE-0D3CD930403B}.Release|Any CPU.ActiveCfg = Release|Any CPU
		{52B5EA44-4CA0-447B-8EEE-0D3CD930403B}.Release|Any CPU.Build.0 = Release|Any CPU
	EndGlobalSection
	GlobalSection(SolutionProperties) = preSolution
		HideSolutionNode = FALSE
	EndGlobalSection
	GlobalSection(ExtensibilityGlobals) = postSolution
		SolutionGuid = {4E1436E7-FB74-4D46-AC77-CF15366A2FEF}
	EndGlobalSection
EndGlobal
